
Microsoft Visual Studio Solution File, Format Version 12.00
# Visual Studio 15
VisualStudioVersion = 15.0.27130.2036
MinimumVisualStudioVersion = 10.0.40219.1
Project("{FAE04EC0-301F-11D3-BF4B-00C04F79EFBC}") = "TextTree", "TextTree\TextTree.csproj", "{AFA7B261-117B-40C6-AC75-62C26A1BD0DB}"
EndProject
Global
	GlobalSection(SolutionConfigurationPlatforms) = preSolution
		Debug|Any CPU = Debug|Any CPU
		Release|Any CPU = Release|Any CPU
	EndGlobalSection
	GlobalSection(ProjectConfigurationPlatforms) = postSolution
		{AFA7B261-117B-40C6-AC75-62C26A1BD0DB}.Debug|Any CPU.ActiveCfg = Debug|Any CPU
		{AFA7B261-117B-40C6-AC75-62C26A1BD0DB}.Debug|Any CPU.Build.0 = Debug|Any CPU
		{AFA7B261-117B-40C6-AC75-62C26A1BD0DB}.Release|Any CPU.ActiveCfg = Release|Any CPU
		{AFA7B261-117B-40C6-AC75-62C26A1BD0DB}.Release|Any CPU.Build.0 = Release|Any CPU
	EndGlobalSection
	GlobalSection(SolutionProperties) = preSolution
		HideSolutionNode = FALSE
	EndGlobalSection
	GlobalSection(ExtensibilityGlobals) = postSolution
		SolutionGuid = {A2F716C1-1148-4A67-A507-E252489B9B53}
	EndGlobalSection
EndGlobal
